
Microsoft Visual Studio Solution File, Format Version 12.00
# Visual Studio Version 17
VisualStudioVersion = 17.4.33213.308
MinimumVisualStudioVersion = 10.0.40219.1
Project("{2150E333-8FDC-42A3-9474-1A3956D46DE8}") = "src", "src", "{A4E5FA11-5842-448C-8096-59DCDC47484C}"
EndProject
Project("{2150E333-8FDC-42A3-9474-1A3956D46DE8}") = "test", "test", "{798EA0AD-33C8-4DF4-BBE3-E1E1E461A6D4}"
EndProject
Project("{9A19103F-16F7-4668-BE54-9A1E7A4F7556}") = "Proton", "src\Proton\Proton.csproj", "{764BE1FF-4FE4-466E-9574-11E69966B1C8}"
EndProject
Project("{9A19103F-16F7-4668-BE54-9A1E7A4F7556}") = "ProtonT", "test\ProtonT\ProtonT.csproj", "{6418C998-D15A-43FA-8DF5-47B4351FFF76}"
EndProject
Project("{FAE04EC0-301F-11D3-BF4B-00C04F79EFBC}") = "QuickTemplate", "src\QuickTemplate\QuickTemplate.csproj", "{28D3D344-93CF-321A-4A16-03C1955E1D66}"
EndProject
Global
	GlobalSection(SolutionConfigurationPlatforms) = preSolution
		Debug|Any CPU = Debug|Any CPU
		Release|Any CPU = Release|Any CPU
	EndGlobalSection
	GlobalSection(ProjectConfigurationPlatforms) = postSolution
		{764BE1FF-4FE4-466E-9574-11E69966B1C8}.Debug|Any CPU.ActiveCfg = Debug|Any CPU
		{764BE1FF-4FE4-466E-9574-11E69966B1C8}.Debug|Any CPU.Build.0 = Debug|Any CPU
		{764BE1FF-4FE4-466E-9574-11E69966B1C8}.Release|Any CPU.ActiveCfg = Release|Any CPU
		{764BE1FF-4FE4-466E-9574-11E69966B1C8}.Release|Any CPU.Build.0 = Release|Any CPU
		{6418C998-D15A-43FA-8DF5-47B4351FFF76}.Debug|Any CPU.ActiveCfg = Debug|Any CPU
		{6418C998-D15A-43FA-8DF5-47B4351FFF76}.Debug|Any CPU.Build.0 = Debug|Any CPU
		{6418C998-D15A-43FA-8DF5-47B4351FFF76}.Release|Any CPU.ActiveCfg = Release|Any CPU
		{6418C998-D15A-43FA-8DF5-47B4351FFF76}.Release|Any CPU.Build.0 = Release|Any CPU
		{28D3D344-93CF-321A-4A16-03C1955E1D66}.Debug|Any CPU.ActiveCfg = Debug|Any CPU
		{28D3D344-93CF-321A-4A16-03C1955E1D66}.Debug|Any CPU.Build.0 = Debug|Any CPU
		{28D3D344-93CF-321A-4A16-03C1955E1D66}.Release|Any CPU.ActiveCfg = Release|Any CPU
		{28D3D344-93CF-321A-4A16-03C1955E1D66}.Release|Any CPU.Build.0 = Release|Any CPU
	EndGlobalSection
	GlobalSection(SolutionProperties) = preSolution
		HideSolutionNode = FALSE
	EndGlobalSection
	GlobalSection(NestedProjects) = preSolution
		{764BE1FF-4FE4-466E-9574-11E69966B1C8} = {A4E5FA11-5842-448C-8096-59DCDC47484C}
		{6418C998-D15A-43FA-8DF5-47B4351FFF76} = {798EA0AD-33C8-4DF4-BBE3-E1E1E461A6D4}
		{28D3D344-93CF-321A-4A16-03C1955E1D66} = {A4E5FA11-5842-448C-8096-59DCDC47484C}
	EndGlobalSection
	GlobalSection(ExtensibilityGlobals) = postSolution
		SolutionGuid = {8F22FF2C-76EA-4344-8088-D47C262C29A7}
	EndGlobalSection
EndGlobal
